
Microsoft Visual Studio Solution File, Format Version 12.00
# Visual Studio Version 16
VisualStudioVersion = 16.0.30204.135
MinimumVisualStudioVersion = 10.0.40219.1
Project("{FAE04EC0-301F-11D3-BF4B-00C04F79EFBC}") = "WebApplication1", "WebApplication1\WebApplication1.csproj", "{AAF7354F-9FEC-4DE8-99D9-BC12DA37A9B2}"
EndProject
Global
	GlobalSection(SolutionConfigurationPlatforms) = preSolution
		Debug|Any CPU = Debug|Any CPU
		Release|Any CPU = Release|Any CPU
	EndGlobalSection
	GlobalSection(ProjectConfigurationPlatforms) = postSolution
		{AAF7354F-9FEC-4DE8-99D9-BC12DA37A9B2}.Debug|Any CPU.ActiveCfg = Debug|Any CPU
		{AAF7354F-9FEC-4DE8-99D9-BC12DA37A9B2}.Debug|Any CPU.Build.0 = Debug|Any CPU
		{AAF7354F-9FEC-4DE8-99D9-BC12DA37A9B2}.Release|Any CPU.ActiveCfg = Release|Any CPU
		{AAF7354F-9FEC-4DE8-99D9-BC12DA37A9B2}.Release|Any CPU.Build.0 = Release|Any CPU
	EndGlobalSection
	GlobalSection(SolutionProperties) = preSolution
		HideSolutionNode = FALSE
	EndGlobalSection
	GlobalSection(ExtensibilityGlobals) = postSolution
		SolutionGuid = {EC7E9B53-143E-44DB-B263-69B73077CB46}
	EndGlobalSection
EndGlobal
